
Microsoft Visual Studio Solution File, Format Version 12.00
# Visual Studio 15
VisualStudioVersion = 15.0.28307.705
MinimumVisualStudioVersion = 10.0.40219.1
Project("{FAE04EC0-301F-11D3-BF4B-00C04F79EFBC}") = "Petbase", "Petbase\Petbase.csproj", "{80565548-E14D-41BE-834D-763EF229F9DA}"
EndProject
Project("{FAE04EC0-301F-11D3-BF4B-00C04F79EFBC}") = "DataService", "DataService\DataService.csproj", "{AFD059D3-0817-497C-8DEC-55960DA3B73E}"
EndProject
Global
	GlobalSection(SolutionConfigurationPlatforms) = preSolution
		Debug|Any CPU = Debug|Any CPU
		Release|Any CPU = Release|Any CPU
	EndGlobalSection
	GlobalSection(ProjectConfigurationPlatforms) = postSolution
		{80565548-E14D-41BE-834D-763EF229F9DA}.Debug|Any CPU.ActiveCfg = Debug|Any CPU
		{80565548-E14D-41BE-834D-763EF229F9DA}.Debug|Any CPU.Build.0 = Debug|Any CPU
		{80565548-E14D-41BE-834D-763EF229F9DA}.Release|Any CPU.ActiveCfg = Release|Any CPU
		{80565548-E14D-41BE-834D-763EF229F9DA}.Release|Any CPU.Build.0 = Release|Any CPU
		{AFD059D3-0817-497C-8DEC-55960DA3B73E}.Debug|Any CPU.ActiveCfg = Debug|Any CPU
		{AFD059D3-0817-497C-8DEC-55960DA3B73E}.Debug|Any CPU.Build.0 = Debug|Any CPU
		{AFD059D3-0817-497C-8DEC-55960DA3B73E}.Release|Any CPU.ActiveCfg = Release|Any CPU
		{AFD059D3-0817-497C-8DEC-55960DA3B73E}.Release|Any CPU.Build.0 = Release|Any CPU
	EndGlobalSection
	GlobalSection(SolutionProperties) = preSolution
		HideSolutionNode = FALSE
	EndGlobalSection
	GlobalSection(ExtensibilityGlobals) = postSolution
		SolutionGuid = {E1F579ED-A617-49AC-92E8-692D65B7F441}
	EndGlobalSection
EndGlobal
